
Microsoft Visual Studio Solution File, Format Version 12.00
# Visual Studio 15
VisualStudioVersion = 15.0.27130.2027
MinimumVisualStudioVersion = 10.0.40219.1
Project("{FAE04EC0-301F-11D3-BF4B-00C04F79EFBC}") = "WhereFall", "WhereFall\WhereFall.csproj", "{B1C10574-5901-4D8E-97E5-44F9A1905AC9}"
EndProject
Global
	GlobalSection(SolutionConfigurationPlatforms) = preSolution
		Debug|Any CPU = Debug|Any CPU
		Release|Any CPU = Release|Any CPU
	EndGlobalSection
	GlobalSection(ProjectConfigurationPlatforms) = postSolution
		{B1C10574-5901-4D8E-97E5-44F9A1905AC9}.Debug|Any CPU.ActiveCfg = Debug|Any CPU
		{B1C10574-5901-4D8E-97E5-44F9A1905AC9}.Debug|Any CPU.Build.0 = Debug|Any CPU
		{B1C10574-5901-4D8E-97E5-44F9A1905AC9}.Release|Any CPU.ActiveCfg = Release|Any CPU
		{B1C10574-5901-4D8E-97E5-44F9A1905AC9}.Release|Any CPU.Build.0 = Release|Any CPU
	EndGlobalSection
	GlobalSection(SolutionProperties) = preSolution
		HideSolutionNode = FALSE
	EndGlobalSection
	GlobalSection(ExtensibilityGlobals) = postSolution
		SolutionGuid = {A1A3C450-848E-4423-A23E-7D091F85D104}
	EndGlobalSection
EndGlobal
